
Microsoft Visual Studio Solution File, Format Version 12.00
# Visual Studio 2012
Project("{8BC9CEB8-8B4A-11D0-8D11-00A0C91BC942}") = "XGo", "XGo\XGo.vcxproj", "{21FD7264-FD99-451A-A404-9A72463EC144}"
EndProject
Global
	GlobalSection(SolutionConfigurationPlatforms) = preSolution
		Debug|Win32 = Debug|Win32
		Release|Win32 = Release|Win32
	EndGlobalSection
	GlobalSection(ProjectConfigurationPlatforms) = postSolution
		{21FD7264-FD99-451A-A404-9A72463EC144}.Debug|Win32.ActiveCfg = Debug|Win32
		{21FD7264-FD99-451A-A404-9A72463EC144}.Debug|Win32.Build.0 = Debug|Win32
		{21FD7264-FD99-451A-A404-9A72463EC144}.Release|Win32.ActiveCfg = Release|Win32
		{21FD7264-FD99-451A-A404-9A72463EC144}.Release|Win32.Build.0 = Release|Win32
	EndGlobalSection
	GlobalSection(SolutionProperties) = preSolution
		HideSolutionNode = FALSE
	EndGlobalSection
EndGlobal
